{
  "name": "project",
  "lockfileVersion": 3,
  "requires": true,
  "packages": {
    "": {
      "dependencies": {
        "virus": "^0.0.5"
      }
    },
    "node_modules/virus": {
      "version": "0.0.5",
      "resolved": "https://registry.npmjs.org/virus/-/virus-0.0.5.tgz",
      "integrity": "sha512-d/x7siqquoIrYuyppktd5388zYW8L/ZJTnqY/N7udBWDO8yMuTEv+Hph1oFGWbzHZj7N8YhDxsurbUp14A6EMg=="
    }
  }
}
